
Microsoft Visual Studio Solution File, Format Version 12.00
# Visual Studio Version 17
VisualStudioVersion = 17.3.32922.545
MinimumVisualStudioVersion = 10.0.40219.1
Project("{FAE04EC0-301F-11D3-BF4B-00C04F79EFBC}") = "UsersMicroService", "UsersMicroService\UsersMicroService.csproj", "{0BA84AB5-A250-4CEB-A6C2-20433F87B4DB}"
EndProject
Global
	GlobalSection(SolutionConfigurationPlatforms) = preSolution
		Debug|Any CPU = Debug|Any CPU
		Release|Any CPU = Release|Any CPU
	EndGlobalSection
	GlobalSection(ProjectConfigurationPlatforms) = postSolution
		{0BA84AB5-A250-4CEB-A6C2-20433F87B4DB}.Debug|Any CPU.ActiveCfg = Debug|Any CPU
		{0BA84AB5-A250-4CEB-A6C2-20433F87B4DB}.Debug|Any CPU.Build.0 = Debug|Any CPU
		{0BA84AB5-A250-4CEB-A6C2-20433F87B4DB}.Release|Any CPU.ActiveCfg = Release|Any CPU
		{0BA84AB5-A250-4CEB-A6C2-20433F87B4DB}.Release|Any CPU.Build.0 = Release|Any CPU
	EndGlobalSection
	GlobalSection(SolutionProperties) = preSolution
		HideSolutionNode = FALSE
	EndGlobalSection
	GlobalSection(ExtensibilityGlobals) = postSolution
		SolutionGuid = {5196D647-4631-48EC-8259-9B03728307ED}
	EndGlobalSection
EndGlobal
